
Microsoft Visual Studio Solution File, Format Version 12.00
# Visual Studio Version 17
VisualStudioVersion = 17.9.34714.143
MinimumVisualStudioVersion = 10.0.40219.1
Project("{8BC9CEB8-8B4A-11D0-8D11-00A0C91BC942}") = "CppRandomTest", "CppRandomTest\CppRandomTest.vcxproj", "{2726FA25-2225-49CC-AD0D-92E2F1575ADC}"
EndProject
Global
	GlobalSection(SolutionConfigurationPlatforms) = preSolution
		Debug|x64 = Debug|x64
		Debug|x86 = Debug|x86
		Release|x64 = Release|x64
		Release|x86 = Release|x86
	EndGlobalSection
	GlobalSection(ProjectConfigurationPlatforms) = postSolution
		{2726FA25-2225-49CC-AD0D-92E2F1575ADC}.Debug|x64.ActiveCfg = Debug|x64
		{2726FA25-2225-49CC-AD0D-92E2F1575ADC}.Debug|x64.Build.0 = Debug|x64
		{2726FA25-2225-49CC-AD0D-92E2F1575ADC}.Debug|x86.ActiveCfg = Debug|Win32
		{2726FA25-2225-49CC-AD0D-92E2F1575ADC}.Debug|x86.Build.0 = Debug|Win32
		{2726FA25-2225-49CC-AD0D-92E2F1575ADC}.Release|x64.ActiveCfg = Release|x64
		{2726FA25-2225-49CC-AD0D-92E2F1575ADC}.Release|x64.Build.0 = Release|x64
		{2726FA25-2225-49CC-AD0D-92E2F1575ADC}.Release|x86.ActiveCfg = Release|Win32
		{2726FA25-2225-49CC-AD0D-92E2F1575ADC}.Release|x86.Build.0 = Release|Win32
	EndGlobalSection
	GlobalSection(SolutionProperties) = preSolution
		HideSolutionNode = FALSE
	EndGlobalSection
	GlobalSection(ExtensibilityGlobals) = postSolution
		SolutionGuid = {82E7A517-1EF6-4108-A0D3-C43A9D956543}
	EndGlobalSection
EndGlobal
